PODS:
  - GoogleMaps (6.2.0):
    - GoogleMaps/Maps (= 6.2.0)
  - GoogleMaps/Base (6.2.0)
  - GoogleMaps/Maps (6.2.0):
    - GoogleMaps/Base
  - GooglePlaces (7.1.0)

DEPENDENCIES:
  - GoogleMaps
  - GooglePlaces (= 7.1.0)

SPEC REPOS:
  trunk:
    - GoogleMaps
    - GooglePlaces

SPEC CHECKSUMS:
  GoogleMaps: c1b9de14cecc940b2d334dd4e6dfa116bff4a40e
  GooglePlaces: 187946335ec3dc624de71c0a9ddcc712f19b0ee1

PODFILE CHECKSUM: 3b9128d1c985741d4a1cf05d4b213f61b7dd0474

COCOAPODS: 1.11.3
