PODS:
  - GoogleMaps (6.2.0):
    - GoogleMaps/Maps (= 6.2.0)
  - GoogleMaps/Base (6.2.0)
  - GoogleMaps/Maps (6.2.0):
    - GoogleMaps/Base

DEPENDENCIES:
  - GoogleMaps

SPEC REPOS:
  trunk:
    - GoogleMaps

SPEC CHECKSUMS:
  GoogleMaps: c1b9de14cecc940b2d334dd4e6dfa116bff4a40e

PODFILE CHECKSUM: 8286120d0626cd2945e5817fdbbb901649e8c3c4

COCOAPODS: 1.11.3
