// !$*UTF8*$!
{
	archiveVersion = 1;
	classes = {
	};
	objectVersion = 55;
	objects = {

/* Begin PBXBuildFile section */
		4D070ADB28A28AC500FA7102 /* TripListVC+Extension.swift in Sources */ = {isa = PBXBuildFile; fileRef = 4D070ADA28A28AC500FA7102 /* TripListVC+Extension.swift */; };
		4D070ADE28A28D0400FA7102 /* TripTableViewCell.swift in Sources */ = {isa = PBXBuildFile; fileRef = 4D070ADC28A28D0400FA7102 /* TripTableViewCell.swift */; };
		4D070ADF28A28D0400FA7102 /* TripTableViewCell.xib in Resources */ = {isa = PBXBuildFile; fileRef = 4D070ADD28A28D0400FA7102 /* TripTableViewCell.xib */; };
		4D070AE128A2900B00FA7102 /* StartTripListViewController.swift in Sources */ = {isa = PBXBuildFile; fileRef = 4D070AE028A2900B00FA7102 /* StartTripListViewController.swift */; };
		4D070AE428A2901800FA7102 /* Main.storyboard in Resources */ = {isa = PBXBuildFile; fileRef = 4D070AE228A2901800FA7102 /* Main.storyboard */; };
		4D08D3B128B77F3100B2A359 /* Realm in Frameworks */ = {isa = PBXBuildFile; productRef = 4D08D3B028B77F3100B2A359 /* Realm */; };
		4D08D3B328B77F3100B2A359 /* RealmSwift in Frameworks */ = {isa = PBXBuildFile; productRef = 4D08D3B228B77F3100B2A359 /* RealmSwift */; };
		4D08D3B528B7818E00B2A359 /* RealmManager.swift in Sources */ = {isa = PBXBuildFile; fileRef = 4D08D3B428B7818E00B2A359 /* RealmManager.swift */; };
		4D08D3B728B7840700B2A359 /* RealmModel.swift in Sources */ = {isa = PBXBuildFile; fileRef = 4D08D3B628B7840700B2A359 /* RealmModel.swift */; };
		4D11C85228BA167D008569F7 /* ItemsListVC+Extension.swift in Sources */ = {isa = PBXBuildFile; fileRef = 4D11C85128BA167D008569F7 /* ItemsListVC+Extension.swift */; };
		4D11C85428BA4134008569F7 /* EditItemViewController.swift in Sources */ = {isa = PBXBuildFile; fileRef = 4D11C85328BA4134008569F7 /* EditItemViewController.swift */; };
		4D1EE88528AB8CE4003F6EA9 /* ItemsList.storyboard in Resources */ = {isa = PBXBuildFile; fileRef = 4D1EE88428AB8CE4003F6EA9 /* ItemsList.storyboard */; };
		4D1EE88728AB8D0D003F6EA9 /* ItemsViewController.swift in Sources */ = {isa = PBXBuildFile; fileRef = 4D1EE88628AB8D0D003F6EA9 /* ItemsViewController.swift */; };
		4D1EE88928AB9718003F6EA9 /* SetItemViewController.swift in Sources */ = {isa = PBXBuildFile; fileRef = 4D1EE88828AB9718003F6EA9 /* SetItemViewController.swift */; };
		4D1EE88E28ABC62A003F6EA9 /* ItemTableViewCell.swift in Sources */ = {isa = PBXBuildFile; fileRef = 4D1EE88C28ABC629003F6EA9 /* ItemTableViewCell.swift */; };
		4D1EE88F28ABC62A003F6EA9 /* ItemTableViewCell.xib in Resources */ = {isa = PBXBuildFile; fileRef = 4D1EE88D28ABC629003F6EA9 /* ItemTableViewCell.xib */; };
		4D3AA28028A282A500E829B3 /* AppDelegate.swift in Sources */ = {isa = PBXBuildFile; fileRef = 4D3AA27F28A282A500E829B3 /* AppDelegate.swift */; };
		4D3AA28228A282A500E829B3 /* SceneDelegate.swift in Sources */ = {isa = PBXBuildFile; fileRef = 4D3AA28128A282A500E829B3 /* SceneDelegate.swift */; };
		4D3AA28928A282AA00E829B3 /* Assets.xcassets in Resources */ = {isa = PBXBuildFile; fileRef = 4D3AA28828A282AA00E829B3 /* Assets.xcassets */; };
		4D3AA28C28A282AA00E829B3 /* LaunchScreen.storyboard in Resources */ = {isa = PBXBuildFile; fileRef = 4D3AA28A28A282AA00E829B3 /* LaunchScreen.storyboard */; };
		4D44E39B28A38CC8004D936E /* SetTripViewController.swift in Sources */ = {isa = PBXBuildFile; fileRef = 4D44E39A28A38CC8004D936E /* SetTripViewController.swift */; };
		4D5951DE28C8D555006A80FA /* UIImageView+Extension.swift in Sources */ = {isa = PBXBuildFile; fileRef = 4D5951DD28C8D555006A80FA /* UIImageView+Extension.swift */; };
		4D6C5AE328C77AEB0019C082 /* Int+Extension.swift in Sources */ = {isa = PBXBuildFile; fileRef = 4D6C5AE228C77AEB0019C082 /* Int+Extension.swift */; };
		4D77091E28C647C4006720A7 /* DailyWeatherModel.swift in Sources */ = {isa = PBXBuildFile; fileRef = 4D77091D28C647C4006720A7 /* DailyWeatherModel.swift */; };
		4D77092128C64882006720A7 /* DailyTableViewCell.swift in Sources */ = {isa = PBXBuildFile; fileRef = 4D77091F28C64882006720A7 /* DailyTableViewCell.swift */; };
		4D77092228C64882006720A7 /* DailyTableViewCell.xib in Resources */ = {isa = PBXBuildFile; fileRef = 4D77092028C64882006720A7 /* DailyTableViewCell.xib */; };
		4D9FF9A728C5EC0A009F7EF5 /* WeatherViewController.swift in Sources */ = {isa = PBXBuildFile; fileRef = 4D9FF9A628C5EC0A009F7EF5 /* WeatherViewController.swift */; };
		4D9FF9A928C5EC25009F7EF5 /* WeatherStoryboard.storyboard in Resources */ = {isa = PBXBuildFile; fileRef = 4D9FF9A828C5EC25009F7EF5 /* WeatherStoryboard.storyboard */; };
		4D9FF9B028C5F4C8009F7EF5 /* CurrentWeatherTableViewCell.swift in Sources */ = {isa = PBXBuildFile; fileRef = 4D9FF9AE28C5F4C8009F7EF5 /* CurrentWeatherTableViewCell.swift */; };
		4D9FF9B128C5F4C8009F7EF5 /* CurrentWeatherTableViewCell.xib in Resources */ = {isa = PBXBuildFile; fileRef = 4D9FF9AF28C5F4C8009F7EF5 /* CurrentWeatherTableViewCell.xib */; };
		4D9FF9B328C5F833009F7EF5 /* CurrentWeatherModel.swift in Sources */ = {isa = PBXBuildFile; fileRef = 4D9FF9B228C5F833009F7EF5 /* CurrentWeatherModel.swift */; };
		4D9FF9B528C5F89D009F7EF5 /* WeatherManager.swift in Sources */ = {isa = PBXBuildFile; fileRef = 4D9FF9B428C5F89D009F7EF5 /* WeatherManager.swift */; };
		4D9FF9B728C5F915009F7EF5 /* APIManager.swift in Sources */ = {isa = PBXBuildFile; fileRef = 4D9FF9B628C5F915009F7EF5 /* APIManager.swift */; };
		4DA04AFA28BE5825001CCF25 /* MapStoryboard.storyboard in Resources */ = {isa = PBXBuildFile; fileRef = 4DA04AF928BE5825001CCF25 /* MapStoryboard.storyboard */; };
		4DA04AFC28BE5866001CCF25 /* MapViewController.swift in Sources */ = {isa = PBXBuildFile; fileRef = 4DA04AFB28BE5866001CCF25 /* MapViewController.swift */; };
		4DB4B49328C778EE00B6889D /* WeatherVC+Extension.swift in Sources */ = {isa = PBXBuildFile; fileRef = 4DB4B49228C778EE00B6889D /* WeatherVC+Extension.swift */; };
		CE3D0C31CAA0583C3ACFC289 /* Pods_EldarNecessarApp.framework in Frameworks */ = {isa = PBXBuildFile; fileRef = 975BAF22BA5E52AE99168EC1 /* Pods_EldarNecessarApp.framework */; };
/* End PBXBuildFile section */

/* Begin PBXFileReference section */
		4D070ADA28A28AC500FA7102 /* TripListVC+Extension.swift */ = {isa = PBXFileReference; lastKnownFileType = sourcecode.swift; path = "TripListVC+Extension.swift"; sourceTree = "<group>"; };
		4D070ADC28A28D0400FA7102 /* TripTableViewCell.swift */ = {isa = PBXFileReference; lastKnownFileType = sourcecode.swift; path = TripTableViewCell.swift; sourceTree = "<group>"; };
		4D070ADD28A28D0400FA7102 /* TripTableViewCell.xib */ = {isa = PBXFileReference; lastKnownFileType = file.xib; path = TripTableViewCell.xib; sourceTree = "<group>"; };
		4D070AE028A2900B00FA7102 /* StartTripListViewController.swift */ = {isa = PBXFileReference; fileEncoding = 4; lastKnownFileType = sourcecode.swift; path = StartTripListViewController.swift; sourceTree = "<group>"; };
		4D070AE328A2901800FA7102 /* Base */ = {isa = PBXFileReference; lastKnownFileType = file.storyboard; name = Base; path = Base.lproj/Main.storyboard; sourceTree = "<group>"; };
		4D08D3B428B7818E00B2A359 /* RealmManager.swift */ = {isa = PBXFileReference; lastKnownFileType = sourcecode.swift; path = RealmManager.swift; sourceTree = "<group>"; };
		4D08D3B628B7840700B2A359 /* RealmModel.swift */ = {isa = PBXFileReference; lastKnownFileType = sourcecode.swift; path = RealmModel.swift; sourceTree = "<group>"; };
		4D11C85128BA167D008569F7 /* ItemsListVC+Extension.swift */ = {isa = PBXFileReference; lastKnownFileType = sourcecode.swift; path = "ItemsListVC+Extension.swift"; sourceTree = "<group>"; };
		4D11C85328BA4134008569F7 /* EditItemViewController.swift */ = {isa = PBXFileReference; lastKnownFileType = sourcecode.swift; path = EditItemViewController.swift; sourceTree = "<group>"; };
		4D1EE88428AB8CE4003F6EA9 /* ItemsList.storyboard */ = {isa = PBXFileReference; lastKnownFileType = file.storyboard; path = ItemsList.storyboard; sourceTree = "<group>"; };
		4D1EE88628AB8D0D003F6EA9 /* ItemsViewController.swift */ = {isa = PBXFileReference; lastKnownFileType = sourcecode.swift; name = ItemsViewController.swift; path = EldarNecessarApp/Viewcontrollers/ItemsViewController.swift; sourceTree = SOURCE_ROOT; };
		4D1EE88828AB9718003F6EA9 /* SetItemViewController.swift */ = {isa = PBXFileReference; lastKnownFileType = sourcecode.swift; name = SetItemViewController.swift; path = EldarNecessarApp/Viewcontrollers/SetItemViewController.swift; sourceTree = SOURCE_ROOT; };
		4D1EE88C28ABC629003F6EA9 /* ItemTableViewCell.swift */ = {isa = PBXFileReference; lastKnownFileType = sourcecode.swift; path = ItemTableViewCell.swift; sourceTree = "<group>"; };
		4D1EE88D28ABC629003F6EA9 /* ItemTableViewCell.xib */ = {isa = PBXFileReference; lastKnownFileType = file.xib; path = ItemTableViewCell.xib; sourceTree = "<group>"; };
		4D3AA27C28A282A500E829B3 /* EldarNecessarApp.app */ = {isa = PBXFileReference; explicitFileType = wrapper.application; includeInIndex = 0; path = EldarNecessarApp.app; sourceTree = BUILT_PRODUCTS_DIR; };
		4D3AA27F28A282A500E829B3 /* AppDelegate.swift */ = {isa = PBXFileReference; lastKnownFileType = sourcecode.swift; path = AppDelegate.swift; sourceTree = "<group>"; };
		4D3AA28128A282A500E829B3 /* SceneDelegate.swift */ = {isa = PBXFileReference; lastKnownFileType = sourcecode.swift; path = SceneDelegate.swift; sourceTree = "<group>"; };
		4D3AA28828A282AA00E829B3 /* Assets.xcassets */ = {isa = PBXFileReference; lastKnownFileType = folder.assetcatalog; path = Assets.xcassets; sourceTree = "<group>"; };
		4D3AA28B28A282AA00E829B3 /* Base */ = {isa = PBXFileReference; lastKnownFileType = file.storyboard; name = Base; path = Base.lproj/LaunchScreen.storyboard; sourceTree = "<group>"; };
		4D3AA28D28A282AA00E829B3 /* Info.plist */ = {isa = PBXFileReference; lastKnownFileType = text.plist.xml; path = Info.plist; sourceTree = "<group>"; };
		4D44E39A28A38CC8004D936E /* SetTripViewController.swift */ = {isa = PBXFileReference; lastKnownFileType = sourcecode.swift; path = SetTripViewController.swift; sourceTree = "<group>"; };
		4D5951DD28C8D555006A80FA /* UIImageView+Extension.swift */ = {isa = PBXFileReference; lastKnownFileType = sourcecode.swift; path = "UIImageView+Extension.swift"; sourceTree = "<group>"; };
		4D6C5AE228C77AEB0019C082 /* Int+Extension.swift */ = {isa = PBXFileReference; lastKnownFileType = sourcecode.swift; path = "Int+Extension.swift"; sourceTree = "<group>"; };
		4D77091D28C647C4006720A7 /* DailyWeatherModel.swift */ = {isa = PBXFileReference; lastKnownFileType = sourcecode.swift; path = DailyWeatherModel.swift; sourceTree = "<group>"; };
		4D77091F28C64882006720A7 /* DailyTableViewCell.swift */ = {isa = PBXFileReference; lastKnownFileType = sourcecode.swift; path = DailyTableViewCell.swift; sourceTree = "<group>"; };
		4D77092028C64882006720A7 /* DailyTableViewCell.xib */ = {isa = PBXFileReference; lastKnownFileType = file.xib; path = DailyTableViewCell.xib; sourceTree = "<group>"; };
		4D9FF9A628C5EC0A009F7EF5 /* WeatherViewController.swift */ = {isa = PBXFileReference; lastKnownFileType = sourcecode.swift; path = WeatherViewController.swift; sourceTree = "<group>"; };
		4D9FF9A828C5EC25009F7EF5 /* WeatherStoryboard.storyboard */ = {isa = PBXFileReference; lastKnownFileType = file.storyboard; path = WeatherStoryboard.storyboard; sourceTree = "<group>"; };
		4D9FF9AE28C5F4C8009F7EF5 /* CurrentWeatherTableViewCell.swift */ = {isa = PBXFileReference; lastKnownFileType = sourcecode.swift; path = CurrentWeatherTableViewCell.swift; sourceTree = "<group>"; };
		4D9FF9AF28C5F4C8009F7EF5 /* CurrentWeatherTableViewCell.xib */ = {isa = PBXFileReference; lastKnownFileType = file.xib; path = CurrentWeatherTableViewCell.xib; sourceTree = "<group>"; };
		4D9FF9B228C5F833009F7EF5 /* CurrentWeatherModel.swift */ = {isa = PBXFileReference; lastKnownFileType = sourcecode.swift; path = CurrentWeatherModel.swift; sourceTree = "<group>"; };
		4D9FF9B428C5F89D009F7EF5 /* WeatherManager.swift */ = {isa = PBXFileReference; lastKnownFileType = sourcecode.swift; path = WeatherManager.swift; sourceTree = "<group>"; };
		4D9FF9B628C5F915009F7EF5 /* APIManager.swift */ = {isa = PBXFileReference; lastKnownFileType = sourcecode.swift; path = APIManager.swift; sourceTree = "<group>"; };
		4DA04AF928BE5825001CCF25 /* MapStoryboard.storyboard */ = {isa = PBXFileReference; lastKnownFileType = file.storyboard; path = MapStoryboard.storyboard; sourceTree = "<group>"; };
		4DA04AFB28BE5866001CCF25 /* MapViewController.swift */ = {isa = PBXFileReference; lastKnownFileType = sourcecode.swift; path = MapViewController.swift; sourceTree = "<group>"; };
		4DB4B49228C778EE00B6889D /* WeatherVC+Extension.swift */ = {isa = PBXFileReference; lastKnownFileType = sourcecode.swift; path = "WeatherVC+Extension.swift"; sourceTree = "<group>"; };
		724A6E6BD32DB495900CEF5D /* Pods-EldarNecessarApp.release.xcconfig */ = {isa = PBXFileReference; includeInIndex = 1; lastKnownFileType = text.xcconfig; name = "Pods-EldarNecessarApp.release.xcconfig"; path = "Target Support Files/Pods-EldarNecessarApp/Pods-EldarNecessarApp.release.xcconfig"; sourceTree = "<group>"; };
		975BAF22BA5E52AE99168EC1 /* Pods_EldarNecessarApp.framework */ = {isa = PBXFileReference; explicitFileType = wrapper.framework; includeInIndex = 0; path = Pods_EldarNecessarApp.framework; sourceTree = BUILT_PRODUCTS_DIR; };
		F6E3E56984FE8580B8CA933B /* Pods-EldarNecessarApp.debug.xcconfig */ = {isa = PBXFileReference; includeInIndex = 1; lastKnownFileType = text.xcconfig; name = "Pods-EldarNecessarApp.debug.xcconfig"; path = "Target Support Files/Pods-EldarNecessarApp/Pods-EldarNecessarApp.debug.xcconfig"; sourceTree = "<group>"; };
/* End PBXFileReference section */

/* Begin PBXFrameworksBuildPhase section */
		4D3AA27928A282A500E829B3 /* Frameworks */ = {
			isa = PBXFrameworksBuildPhase;
			buildActionMask = 2147483647;
			files = (
				4D08D3B328B77F3100B2A359 /* RealmSwift in Frameworks */,
				4D08D3B128B77F3100B2A359 /* Realm in Frameworks */,
				CE3D0C31CAA0583C3ACFC289 /* Pods_EldarNecessarApp.framework in Frameworks */,
			);
			runOnlyForDeploymentPostprocessing = 0;
		};
/* End PBXFrameworksBuildPhase section */

/* Begin PBXGroup section */
		4D3AA27328A282A400E829B3 = {
			isa = PBXGroup;
			children = (
				4D3AA27E28A282A500E829B3 /* EldarNecessarApp */,
				4D3AA27D28A282A500E829B3 /* Products */,
				52428B7AEEBEE3C718190E46 /* Pods */,
				BAAEFD2BB25040606B4C902E /* Frameworks */,
			);
			sourceTree = "<group>";
		};
		4D3AA27D28A282A500E829B3 /* Products */ = {
			isa = PBXGroup;
			children = (
				4D3AA27C28A282A500E829B3 /* EldarNecessarApp.app */,
			);
			name = Products;
			sourceTree = "<group>";
		};
		4D3AA27E28A282A500E829B3 /* EldarNecessarApp */ = {
			isa = PBXGroup;
			children = (
				4D6C5AE428C77BB40019C082 /* Helpers */,
				4D6682BE28AFD3B600BB20C3 /* Cells */,
				4D44E39F28A38E58004D936E /* Viewcontrollers */,
				4D44E39E28A38E4A004D936E /* Storyboards */,
				4DD40BE028A518FC001A0F4F /* Extensions */,
				4DA8BE6428BE529F0007E64D /* Manager */,
				4DA8BE6528BE52A90007E64D /* Model */,
			);
			path = EldarNecessarApp;
			sourceTree = "<group>";
		};
		4D44E39E28A38E4A004D936E /* Storyboards */ = {
			isa = PBXGroup;
			children = (
				4D070AE228A2901800FA7102 /* Main.storyboard */,
				4D1EE88428AB8CE4003F6EA9 /* ItemsList.storyboard */,
				4DA04AF928BE5825001CCF25 /* MapStoryboard.storyboard */,
				4D9FF9A828C5EC25009F7EF5 /* WeatherStoryboard.storyboard */,
				4D3AA28A28A282AA00E829B3 /* LaunchScreen.storyboard */,
			);
			path = Storyboards;
			sourceTree = "<group>";
		};
		4D44E39F28A38E58004D936E /* Viewcontrollers */ = {
			isa = PBXGroup;
			children = (
				4D070AE028A2900B00FA7102 /* StartTripListViewController.swift */,
				4D44E39A28A38CC8004D936E /* SetTripViewController.swift */,
				4D1EE88628AB8D0D003F6EA9 /* ItemsViewController.swift */,
				4D1EE88828AB9718003F6EA9 /* SetItemViewController.swift */,
				4D11C85328BA4134008569F7 /* EditItemViewController.swift */,
				4DA04AFB28BE5866001CCF25 /* MapViewController.swift */,
				4D9FF9A628C5EC0A009F7EF5 /* WeatherViewController.swift */,
			);
			path = Viewcontrollers;
			sourceTree = "<group>";
		};
		4D6682BC28AFD39400BB20C3 /* ItemListTableView */ = {
			isa = PBXGroup;
			children = (
				4D1EE88C28ABC629003F6EA9 /* ItemTableViewCell.swift */,
				4D1EE88D28ABC629003F6EA9 /* ItemTableViewCell.xib */,
			);
			path = ItemListTableView;
			sourceTree = "<group>";
		};
		4D6682BD28AFD3A800BB20C3 /* TripListTableView */ = {
			isa = PBXGroup;
			children = (
				4D070ADC28A28D0400FA7102 /* TripTableViewCell.swift */,
				4D070ADD28A28D0400FA7102 /* TripTableViewCell.xib */,
			);
			path = TripListTableView;
			sourceTree = "<group>";
		};
		4D6682BE28AFD3B600BB20C3 /* Cells */ = {
			isa = PBXGroup;
			children = (
				4D6682BD28AFD3A800BB20C3 /* TripListTableView */,
				4D6682BC28AFD39400BB20C3 /* ItemListTableView */,
				4DB4B48F28C7757E00B6889D /* WeatherCells */,
			);
			path = Cells;
			sourceTree = "<group>";
		};
		4D6C5AE428C77BB40019C082 /* Helpers */ = {
			isa = PBXGroup;
			children = (
				4D3AA27F28A282A500E829B3 /* AppDelegate.swift */,
				4D3AA28128A282A500E829B3 /* SceneDelegate.swift */,
				4D3AA28828A282AA00E829B3 /* Assets.xcassets */,
				4D3AA28D28A282AA00E829B3 /* Info.plist */,
			);
			path = Helpers;
			sourceTree = "<group>";
		};
		4DA8BE6428BE529F0007E64D /* Manager */ = {
			isa = PBXGroup;
			children = (
				4D08D3B428B7818E00B2A359 /* RealmManager.swift */,
				4D9FF9B428C5F89D009F7EF5 /* WeatherManager.swift */,
				4D9FF9B628C5F915009F7EF5 /* APIManager.swift */,
			);
			path = Manager;
			sourceTree = "<group>";
		};
		4DA8BE6528BE52A90007E64D /* Model */ = {
			isa = PBXGroup;
			children = (
				4D08D3B628B7840700B2A359 /* RealmModel.swift */,
				4D9FF9B228C5F833009F7EF5 /* CurrentWeatherModel.swift */,
				4D77091D28C647C4006720A7 /* DailyWeatherModel.swift */,
			);
			path = Model;
			sourceTree = "<group>";
		};
		4DB4B48F28C7757E00B6889D /* WeatherCells */ = {
			isa = PBXGroup;
			children = (
				4DB4B49028C7759900B6889D /* CurrentWeatherCells */,
				4DB4B49128C775AD00B6889D /* DailyWeatherCells */,
			);
			path = WeatherCells;
			sourceTree = "<group>";
		};
		4DB4B49028C7759900B6889D /* CurrentWeatherCells */ = {
			isa = PBXGroup;
			children = (
				4D9FF9AE28C5F4C8009F7EF5 /* CurrentWeatherTableViewCell.swift */,
				4D9FF9AF28C5F4C8009F7EF5 /* CurrentWeatherTableViewCell.xib */,
			);
			path = CurrentWeatherCells;
			sourceTree = "<group>";
		};
		4DB4B49128C775AD00B6889D /* DailyWeatherCells */ = {
			isa = PBXGroup;
			children = (
				4D77091F28C64882006720A7 /* DailyTableViewCell.swift */,
				4D77092028C64882006720A7 /* DailyTableViewCell.xib */,
			);
			path = DailyWeatherCells;
			sourceTree = "<group>";
		};
		4DD40BE028A518FC001A0F4F /* Extensions */ = {
			isa = PBXGroup;
			children = (
				4D070ADA28A28AC500FA7102 /* TripListVC+Extension.swift */,
				4D11C85128BA167D008569F7 /* ItemsListVC+Extension.swift */,
				4DB4B49228C778EE00B6889D /* WeatherVC+Extension.swift */,
				4D6C5AE228C77AEB0019C082 /* Int+Extension.swift */,
				4D5951DD28C8D555006A80FA /* UIImageView+Extension.swift */,
			);
			path = Extensions;
			sourceTree = "<group>";
		};
		52428B7AEEBEE3C718190E46 /* Pods */ = {
			isa = PBXGroup;
			children = (
				F6E3E56984FE8580B8CA933B /* Pods-EldarNecessarApp.debug.xcconfig */,
				724A6E6BD32DB495900CEF5D /* Pods-EldarNecessarApp.release.xcconfig */,
			);
			path = Pods;
			sourceTree = "<group>";
		};
		BAAEFD2BB25040606B4C902E /* Frameworks */ = {
			isa = PBXGroup;
			children = (
				975BAF22BA5E52AE99168EC1 /* Pods_EldarNecessarApp.framework */,
			);
			name = Frameworks;
			sourceTree = "<group>";
		};
/* End PBXGroup section */

/* Begin PBXNativeTarget section */
		4D3AA27B28A282A500E829B3 /* EldarNecessarApp */ = {
			isa = PBXNativeTarget;
			buildConfigurationList = 4D3AA29028A282AA00E829B3 /* Build configuration list for PBXNativeTarget "EldarNecessarApp" */;
			buildPhases = (
				67D85349E130480B391A7D3B /* [CP] Check Pods Manifest.lock */,
				4D3AA27828A282A500E829B3 /* Sources */,
				4D3AA27928A282A500E829B3 /* Frameworks */,
				4D3AA27A28A282A500E829B3 /* Resources */,
				7B9767B0BABAD891FF2CC22B /* [CP] Copy Pods Resources */,
			);
			buildRules = (
			);
			dependencies = (
			);
			name = EldarNecessarApp;
			packageProductDependencies = (
				4D08D3B028B77F3100B2A359 /* Realm */,
				4D08D3B228B77F3100B2A359 /* RealmSwift */,
			);
			productName = EldarNecessarApp;
			productReference = 4D3AA27C28A282A500E829B3 /* EldarNecessarApp.app */;
			productType = "com.apple.product-type.application";
		};
/* End PBXNativeTarget section */

/* Begin PBXProject section */
		4D3AA27428A282A400E829B3 /* Project object */ = {
			isa = PBXProject;
			attributes = {
				BuildIndependentTargetsInParallel = 1;
				LastSwiftUpdateCheck = 1340;
				LastUpgradeCheck = 1340;
				TargetAttributes = {
					4D3AA27B28A282A500E829B3 = {
						CreatedOnToolsVersion = 13.4;
					};
				};
			};
			buildConfigurationList = 4D3AA27728A282A400E829B3 /* Build configuration list for PBXProject "EldarNecessarApp" */;
			compatibilityVersion = "Xcode 13.0";
			developmentRegion = en;
			hasScannedForEncodings = 0;
			knownRegions = (
				en,
				Base,
			);
			mainGroup = 4D3AA27328A282A400E829B3;
			packageReferences = (
				4D08D3AF28B77F3100B2A359 /* XCRemoteSwiftPackageReference "realm-swift" */,
			);
			productRefGroup = 4D3AA27D28A282A500E829B3 /* Products */;
			projectDirPath = "";
			projectRoot = "";
			targets = (
				4D3AA27B28A282A500E829B3 /* EldarNecessarApp */,
			);
		};
/* End PBXProject section */

/* Begin PBXResourcesBuildPhase section */
		4D3AA27A28A282A500E829B3 /* Resources */ = {
			isa = PBXResourcesBuildPhase;
			buildActionMask = 2147483647;
			files = (
				4D1EE88528AB8CE4003F6EA9 /* ItemsList.storyboard in Resources */,
				4D77092228C64882006720A7 /* DailyTableViewCell.xib in Resources */,
				4D070AE428A2901800FA7102 /* Main.storyboard in Resources */,
				4D3AA28C28A282AA00E829B3 /* LaunchScreen.storyboard in Resources */,
				4DA04AFA28BE5825001CCF25 /* MapStoryboard.storyboard in Resources */,
				4D9FF9B128C5F4C8009F7EF5 /* CurrentWeatherTableViewCell.xib in Resources */,
				4D9FF9A928C5EC25009F7EF5 /* WeatherStoryboard.storyboard in Resources */,
				4D3AA28928A282AA00E829B3 /* Assets.xcassets in Resources */,
				4D1EE88F28ABC62A003F6EA9 /* ItemTableViewCell.xib in Resources */,
				4D070ADF28A28D0400FA7102 /* TripTableViewCell.xib in Resources */,
			);
			runOnlyForDeploymentPostprocessing = 0;
		};
/* End PBXResourcesBuildPhase section */

/* Begin PBXShellScriptBuildPhase section */
		67D85349E130480B391A7D3B /* [CP] Check Pods Manifest.lock */ = {
			isa = PBXShellScriptBuildPhase;
			buildActionMask = 2147483647;
			files = (
			);
			inputFileListPaths = (
			);
			inputPaths = (
				"${PODS_PODFILE_DIR_PATH}/Podfile.lock",
				"${PODS_ROOT}/Manifest.lock",
			);
			name = "[CP] Check Pods Manifest.lock";
			outputFileListPaths = (
			);
			outputPaths = (
				"$(DERIVED_FILE_DIR)/Pods-EldarNecessarApp-checkManifestLockResult.txt",
			);
			runOnlyForDeploymentPostprocessing = 0;
			shellPath = /bin/sh;
			shellScript = "diff \"${PODS_PODFILE_DIR_PATH}/Podfile.lock\" \"${PODS_ROOT}/Manifest.lock\" > /dev/null\nif [ $? != 0 ] ; then\n    # print error to STDERR\n    echo \"error: The sandbox is not in sync with the Podfile.lock. Run 'pod install' or update your CocoaPods installation.\" >&2\n    exit 1\nfi\n# This output is used by Xcode 'outputs' to avoid re-running this script phase.\necho \"SUCCESS\" > \"${SCRIPT_OUTPUT_FILE_0}\"\n";
			showEnvVarsInLog = 0;
		};
		7B9767B0BABAD891FF2CC22B /* [CP] Copy Pods Resources */ = {
			isa = PBXShellScriptBuildPhase;
			buildActionMask = 2147483647;
			files = (
			);
			inputFileListPaths = (
				"${PODS_ROOT}/Target Support Files/Pods-EldarNecessarApp/Pods-EldarNecessarApp-resources-${CONFIGURATION}-input-files.xcfilelist",
			);
			name = "[CP] Copy Pods Resources";
			outputFileListPaths = (
				"${PODS_ROOT}/Target Support Files/Pods-EldarNecessarApp/Pods-EldarNecessarApp-resources-${CONFIGURATION}-output-files.xcfilelist",
			);
			runOnlyForDeploymentPostprocessing = 0;
			shellPath = /bin/sh;
			shellScript = "\"${PODS_ROOT}/Target Support Files/Pods-EldarNecessarApp/Pods-EldarNecessarApp-resources.sh\"\n";
			showEnvVarsInLog = 0;
		};
/* End PBXShellScriptBuildPhase section */

/* Begin PBXSourcesBuildPhase section */
		4D3AA27828A282A500E829B3 /* Sources */ = {
			isa = PBXSourcesBuildPhase;
			buildActionMask = 2147483647;
			files = (
				4D9FF9B028C5F4C8009F7EF5 /* CurrentWeatherTableViewCell.swift in Sources */,
				4D9FF9B528C5F89D009F7EF5 /* WeatherManager.swift in Sources */,
				4D9FF9A728C5EC0A009F7EF5 /* WeatherViewController.swift in Sources */,
				4D11C85428BA4134008569F7 /* EditItemViewController.swift in Sources */,
				4D08D3B728B7840700B2A359 /* RealmModel.swift in Sources */,
				4D77092128C64882006720A7 /* DailyTableViewCell.swift in Sources */,
				4D9FF9B728C5F915009F7EF5 /* APIManager.swift in Sources */,
				4D44E39B28A38CC8004D936E /* SetTripViewController.swift in Sources */,
				4D77091E28C647C4006720A7 /* DailyWeatherModel.swift in Sources */,
				4D6C5AE328C77AEB0019C082 /* Int+Extension.swift in Sources */,
				4D08D3B528B7818E00B2A359 /* RealmManager.swift in Sources */,
				4D070AE128A2900B00FA7102 /* StartTripListViewController.swift in Sources */,
				4D1EE88928AB9718003F6EA9 /* SetItemViewController.swift in Sources */,
				4D070ADE28A28D0400FA7102 /* TripTableViewCell.swift in Sources */,
				4D11C85228BA167D008569F7 /* ItemsListVC+Extension.swift in Sources */,
				4D3AA28028A282A500E829B3 /* AppDelegate.swift in Sources */,
				4D1EE88728AB8D0D003F6EA9 /* ItemsViewController.swift in Sources */,
				4D9FF9B328C5F833009F7EF5 /* CurrentWeatherModel.swift in Sources */,
				4D5951DE28C8D555006A80FA /* UIImageView+Extension.swift in Sources */,
				4D070ADB28A28AC500FA7102 /* TripListVC+Extension.swift in Sources */,
				4D1EE88E28ABC62A003F6EA9 /* ItemTableViewCell.swift in Sources */,
				4DB4B49328C778EE00B6889D /* WeatherVC+Extension.swift in Sources */,
				4D3AA28228A282A500E829B3 /* SceneDelegate.swift in Sources */,
				4DA04AFC28BE5866001CCF25 /* MapViewController.swift in Sources */,
			);
			runOnlyForDeploymentPostprocessing = 0;
		};
/* End PBXSourcesBuildPhase section */

/* Begin PBXVariantGroup section */
		4D070AE228A2901800FA7102 /* Main.storyboard */ = {
			isa = PBXVariantGroup;
			children = (
				4D070AE328A2901800FA7102 /* Base */,
			);
			name = Main.storyboard;
			sourceTree = "<group>";
		};
		4D3AA28A28A282AA00E829B3 /* LaunchScreen.storyboard */ = {
			isa = PBXVariantGroup;
			children = (
				4D3AA28B28A282AA00E829B3 /* Base */,
			);
			name = LaunchScreen.storyboard;
			sourceTree = "<group>";
		};
/* End PBXVariantGroup section */

/* Begin XCBuildConfiguration section */
		4D3AA28E28A282AA00E829B3 /* Debug */ = {
			isa = XCBuildConfiguration;
			buildSettings = {
				ALWAYS_SEARCH_USER_PATHS = NO;
				CLANG_ANALYZER_NONNULL = YES;
				CLANG_ANALYZER_NUMBER_OBJECT_CONVERSION = YES_AGGRESSIVE;
				CLANG_CXX_LANGUAGE_STANDARD = "gnu++17";
				CLANG_ENABLE_MODULES = YES;
				CLANG_ENABLE_OBJC_ARC = YES;
				CLANG_ENABLE_OBJC_WEAK = YES;
				CLANG_WARN_BLOCK_CAPTURE_AUTORELEASING = YES;
				CLANG_WARN_BOOL_CONVERSION = YES;
				CLANG_WARN_COMMA = YES;
				CLANG_WARN_CONSTANT_CONVERSION = YES;
				CLANG_WARN_DEPRECATED_OBJC_IMPLEMENTATIONS = YES;
				CLANG_WARN_DIRECT_OBJC_ISA_USAGE = YES_ERROR;
				CLANG_WARN_DOCUMENTATION_COMMENTS = YES;
				CLANG_WARN_EMPTY_BODY = YES;
				CLANG_WARN_ENUM_CONVERSION = YES;
				CLANG_WARN_INFINITE_RECURSION = YES;
				CLANG_WARN_INT_CONVERSION = YES;
				CLANG_WARN_NON_LITERAL_NULL_CONVERSION = YES;
				CLANG_WARN_OBJC_IMPLICIT_RETAIN_SELF = YES;
				CLANG_WARN_OBJC_LITERAL_CONVERSION = YES;
				CLANG_WARN_OBJC_ROOT_CLASS = YES_ERROR;
				CLANG_WARN_QUOTED_INCLUDE_IN_FRAMEWORK_HEADER = YES;
				CLANG_WARN_RANGE_LOOP_ANALYSIS = YES;
				CLANG_WARN_STRICT_PROTOTYPES = YES;
				CLANG_WARN_SUSPICIOUS_MOVE = YES;
				CLANG_WARN_UNGUARDED_AVAILABILITY = YES_AGGRESSIVE;
				CLANG_WARN_UNREACHABLE_CODE = YES;
				CLANG_WARN__DUPLICATE_METHOD_MATCH = YES;
				COPY_PHASE_STRIP = NO;
				DEBUG_INFORMATION_FORMAT = dwarf;
				ENABLE_STRICT_OBJC_MSGSEND = YES;
				ENABLE_TESTABILITY = YES;
				GCC_C_LANGUAGE_STANDARD = gnu11;
				GCC_DYNAMIC_NO_PIC = NO;
				GCC_NO_COMMON_BLOCKS = YES;
				GCC_OPTIMIZATION_LEVEL = 0;
				GCC_PREPROCESSOR_DEFINITIONS = (
					"DEBUG=1",
					"$(inherited)",
				);
				GCC_WARN_64_TO_32_BIT_CONVERSION = YES;
				GCC_WARN_ABOUT_RETURN_TYPE = YES_ERROR;
				GCC_WARN_UNDECLARED_SELECTOR = YES;
				GCC_WARN_UNINITIALIZED_AUTOS = YES_AGGRESSIVE;
				GCC_WARN_UNUSED_FUNCTION = YES;
				GCC_WARN_UNUSED_VARIABLE = YES;
				IPHONEOS_DEPLOYMENT_TARGET = 15.5;
				MTL_ENABLE_DEBUG_INFO = INCLUDE_SOURCE;
				MTL_FAST_MATH = YES;
				ONLY_ACTIVE_ARCH = YES;
				SDKROOT = iphoneos;
				SWIFT_ACTIVE_COMPILATION_CONDITIONS = DEBUG;
				SWIFT_OPTIMIZATION_LEVEL = "-Onone";
			};
			name = Debug;
		};
		4D3AA28F28A282AA00E829B3 /* Release */ = {
			isa = XCBuildConfiguration;
			buildSettings = {
				ALWAYS_SEARCH_USER_PATHS = NO;
				CLANG_ANALYZER_NONNULL = YES;
				CLANG_ANALYZER_NUMBER_OBJECT_CONVERSION = YES_AGGRESSIVE;
				CLANG_CXX_LANGUAGE_STANDARD = "gnu++17";
				CLANG_ENABLE_MODULES = YES;
				CLANG_ENABLE_OBJC_ARC = YES;
				CLANG_ENABLE_OBJC_WEAK = YES;
				CLANG_WARN_BLOCK_CAPTURE_AUTORELEASING = YES;
				CLANG_WARN_BOOL_CONVERSION = YES;
				CLANG_WARN_COMMA = YES;
				CLANG_WARN_CONSTANT_CONVERSION = YES;
				CLANG_WARN_DEPRECATED_OBJC_IMPLEMENTATIONS = YES;
				CLANG_WARN_DIRECT_OBJC_ISA_USAGE = YES_ERROR;
				CLANG_WARN_DOCUMENTATION_COMMENTS = YES;
				CLANG_WARN_EMPTY_BODY = YES;
				CLANG_WARN_ENUM_CONVERSION = YES;
				CLANG_WARN_INFINITE_RECURSION = YES;
				CLANG_WARN_INT_CONVERSION = YES;
				CLANG_WARN_NON_LITERAL_NULL_CONVERSION = YES;
				CLANG_WARN_OBJC_IMPLICIT_RETAIN_SELF = YES;
				CLANG_WARN_OBJC_LITERAL_CONVERSION = YES;
				CLANG_WARN_OBJC_ROOT_CLASS = YES_ERROR;
				CLANG_WARN_QUOTED_INCLUDE_IN_FRAMEWORK_HEADER = YES;
				CLANG_WARN_RANGE_LOOP_ANALYSIS = YES;
				CLANG_WARN_STRICT_PROTOTYPES = YES;
				CLANG_WARN_SUSPICIOUS_MOVE = YES;
				CLANG_WARN_UNGUARDED_AVAILABILITY = YES_AGGRESSIVE;
				CLANG_WARN_UNREACHABLE_CODE = YES;
				CLANG_WARN__DUPLICATE_METHOD_MATCH = YES;
				COPY_PHASE_STRIP = NO;
				DEBUG_INFORMATION_FORMAT = "dwarf-with-dsym";
				ENABLE_NS_ASSERTIONS = NO;
				ENABLE_STRICT_OBJC_MSGSEND = YES;
				GCC_C_LANGUAGE_STANDARD = gnu11;
				GCC_NO_COMMON_BLOCKS = YES;
				GCC_WARN_64_TO_32_BIT_CONVERSION = YES;
				GCC_WARN_ABOUT_RETURN_TYPE = YES_ERROR;
				GCC_WARN_UNDECLARED_SELECTOR = YES;
				GCC_WARN_UNINITIALIZED_AUTOS = YES_AGGRESSIVE;
				GCC_WARN_UNUSED_FUNCTION = YES;
				GCC_WARN_UNUSED_VARIABLE = YES;
				IPHONEOS_DEPLOYMENT_TARGET = 15.5;
				MTL_ENABLE_DEBUG_INFO = NO;
				MTL_FAST_MATH = YES;
				SDKROOT = iphoneos;
				SWIFT_COMPILATION_MODE = wholemodule;
				SWIFT_OPTIMIZATION_LEVEL = "-O";
				VALIDATE_PRODUCT = YES;
			};
			name = Release;
		};
		4D3AA29128A282AA00E829B3 /* Debug */ = {
			isa = XCBuildConfiguration;
			baseConfigurationReference = F6E3E56984FE8580B8CA933B /* Pods-EldarNecessarApp.debug.xcconfig */;
			buildSettings = {
				ASSETCATALOG_COMPILER_APPICON_NAME = AppIcon;
				ASSETCATALOG_COMPILER_GLOBAL_ACCENT_COLOR_NAME = AccentColor;
				CODE_SIGN_STYLE = Automatic;
				CURRENT_PROJECT_VERSION = 1;
				DEVELOPMENT_TEAM = 2Y2FRWV72Q;
				GENERATE_INFOPLIST_FILE = YES;
				INFOPLIST_FILE = EldarNecessarApp/Info.plist;
				INFOPLIST_KEY_UIApplicationSupportsIndirectInputEvents = YES;
				INFOPLIST_KEY_UILaunchStoryboardName = LaunchScreen;
				INFOPLIST_KEY_UIMainStoryboardFile = Main;
				INFOPLIST_KEY_UISupportedInterfaceOrientations = "";
				INFOPLIST_KEY_UISupportedInterfaceOrientations_iPad = "UIInterfaceOrientationPortrait UIInterfaceOrientationPortraitUpsideDown UIInterfaceOrientationLandscapeLeft UIInterfaceOrientationLandscapeRight";
				INFOPLIST_KEY_UISupportedInterfaceOrientations_iPhone = "UIInterfaceOrientationPortrait UIInterfaceOrientationLandscapeLeft UIInterfaceOrientationLandscapeRight";
				LD_RUNPATH_SEARCH_PATHS = (
					"$(inherited)",
					"@executable_path/Frameworks",
				);
				MARKETING_VERSION = 1.0;
				PRODUCT_BUNDLE_IDENTIFIER = com.teachmeskills.i32.EldarNecessarApp;
				PRODUCT_NAME = "$(TARGET_NAME)";
				SWIFT_EMIT_LOC_STRINGS = YES;
				SWIFT_VERSION = 5.0;
				TARGETED_DEVICE_FAMILY = "1,2";
			};
			name = Debug;
		};
		4D3AA29228A282AA00E829B3 /* Release */ = {
			isa = XCBuildConfiguration;
			baseConfigurationReference = 724A6E6BD32DB495900CEF5D /* Pods-EldarNecessarApp.release.xcconfig */;
			buildSettings = {
				ASSETCATALOG_COMPILER_APPICON_NAME = AppIcon;
				ASSETCATALOG_COMPILER_GLOBAL_ACCENT_COLOR_NAME = AccentColor;
				CODE_SIGN_STYLE = Automatic;
				CURRENT_PROJECT_VERSION = 1;
				DEVELOPMENT_TEAM = 2Y2FRWV72Q;
				GENERATE_INFOPLIST_FILE = YES;
				INFOPLIST_FILE = EldarNecessarApp/Info.plist;
				INFOPLIST_KEY_UIApplicationSupportsIndirectInputEvents = YES;
				INFOPLIST_KEY_UILaunchStoryboardName = LaunchScreen;
				INFOPLIST_KEY_UIMainStoryboardFile = Main;
				INFOPLIST_KEY_UISupportedInterfaceOrientations = "";
				INFOPLIST_KEY_UISupportedInterfaceOrientations_iPad = "UIInterfaceOrientationPortrait UIInterfaceOrientationPortraitUpsideDown UIInterfaceOrientationLandscapeLeft UIInterfaceOrientationLandscapeRight";
				INFOPLIST_KEY_UISupportedInterfaceOrientations_iPhone = "UIInterfaceOrientationPortrait UIInterfaceOrientationLandscapeLeft UIInterfaceOrientationLandscapeRight";
				LD_RUNPATH_SEARCH_PATHS = (
					"$(inherited)",
					"@executable_path/Frameworks",
				);
				MARKETING_VERSION = 1.0;
				PRODUCT_BUNDLE_IDENTIFIER = com.teachmeskills.i32.EldarNecessarApp;
				PRODUCT_NAME = "$(TARGET_NAME)";
				SWIFT_EMIT_LOC_STRINGS = YES;
				SWIFT_VERSION = 5.0;
				TARGETED_DEVICE_FAMILY = "1,2";
			};
			name = Release;
		};
/* End XCBuildConfiguration section */

/* Begin XCConfigurationList section */
		4D3AA27728A282A400E829B3 /* Build configuration list for PBXProject "EldarNecessarApp" */ = {
			isa = XCConfigurationList;
			buildConfigurations = (
				4D3AA28E28A282AA00E829B3 /* Debug */,
				4D3AA28F28A282AA00E829B3 /* Release */,
			);
			defaultConfigurationIsVisible = 0;
			defaultConfigurationName = Release;
		};
		4D3AA29028A282AA00E829B3 /* Build configuration list for PBXNativeTarget "EldarNecessarApp" */ = {
			isa = XCConfigurationList;
			buildConfigurations = (
				4D3AA29128A282AA00E829B3 /* Debug */,
				4D3AA29228A282AA00E829B3 /* Release */,
			);
			defaultConfigurationIsVisible = 0;
			defaultConfigurationName = Release;
		};
/* End XCConfigurationList section */

/* Begin XCRemoteSwiftPackageReference section */
		4D08D3AF28B77F3100B2A359 /* XCRemoteSwiftPackageReference "realm-swift" */ = {
			isa = XCRemoteSwiftPackageReference;
			repositoryURL = "https://github.com/realm/realm-swift.git";
			requirement = {
				kind = upToNextMajorVersion;
				minimumVersion = 10.28.6;
			};
		};
/* End XCRemoteSwiftPackageReference section */

/* Begin XCSwiftPackageProductDependency section */
		4D08D3B028B77F3100B2A359 /* Realm */ = {
			isa = XCSwiftPackageProductDependency;
			package = 4D08D3AF28B77F3100B2A359 /* XCRemoteSwiftPackageReference "realm-swift" */;
			productName = Realm;
		};
		4D08D3B228B77F3100B2A359 /* RealmSwift */ = {
			isa = XCSwiftPackageProductDependency;
			package = 4D08D3AF28B77F3100B2A359 /* XCRemoteSwiftPackageReference "realm-swift" */;
			productName = RealmSwift;
		};
/* End XCSwiftPackageProductDependency section */
	};
	rootObject = 4D3AA27428A282A400E829B3 /* Project object */;
}
